{
    "_meta": {
        "hash": {
            "sha256": "9f82985b554e5116965035b44f901970d2036442c26bd51d562e5a11cede29d3"
        },
        "pipfile-spec": 6,
        "requires": {},
        "sources": [
            {
                "name": "pypi",
                "url": "https://pypi.org/simple",
                "verify_ssl": true
            }
        ]
    },
    "default": {
        "numpy": {
            "hashes": [
                "sha256:b1f44c335532c0581b77491b7715a871d0dd72e97487ac0f57337ccf3ab3469b"
            ],
            "index": "pypi",
            "version": "==1.15.4"
        },
        "pymongo": {
            "hashes": [
                "sha256:55a7de51ec7d1731b2431886d0349146645f2816e5b8eb982d7c49f89472c9f3"
            ],
            "index": "pypi",
            "version": "==3.7.2"
        },
        "regex": {
            "hashes": [
                "sha256:15b4a185ae9782133f398f8ab7c29612a6e5f34ea9411e4cd36e91e78c347ebe"
            ],
            "index": "pypi",
            "version": "==2018.11.22"
        },
        "tqdm": {
            "hashes": [
                "sha256:3c4d4a5a41ef162dd61f1edb86b0e1c7859054ab656b2e7c7b77e7fbf6d9f392"
            ],
            "index": "pypi",
            "version": "==4.28.1"
        }
    },
    "develop": {}
}
